// !$*UTF8*$!
{
	archiveVersion = 1;
	classes = {
	};
	objectVersion = 46;
	objects = {

/* Begin PBXBuildFile section */
		841DA93D1B9C898500D464D0 /* AdditionalTypes.c in Sources */ = {isa = PBXBuildFile; fileRef = 841DA93B1B9C898500D464D0 /* AdditionalTypes.c */; };
		8448F59C1BA1E0CA0041930D /* Basket.m in Sources */ = {isa = PBXBuildFile; fileRef = 8448F59B1BA1E0CA0041930D /* Basket.m */; };
		D03FC40F1B98A63300D38289 /* main.m in Sources */ = {isa = PBXBuildFile; fileRef = D03FC40E1B98A63300D38289 /* main.m */; };
		D03FC4171B98A6E200D38289 /* Tree.m in Sources */ = {isa = PBXBuildFile; fileRef = D03FC4161B98A6E200D38289 /* Tree.m */; };
		D03FC41A1B98A71600D38289 /* AppleTree.m in Sources */ = {isa = PBXBuildFile; fileRef = D03FC4191B98A71600D38289 /* AppleTree.m */; };
		D03FC41D1B98A76400D38289 /* Fruit.m in Sources */ = {isa = PBXBuildFile; fileRef = D03FC41C1B98A76400D38289 /* Fruit.m */; };
		D03FC4201B98A77500D38289 /* Apple.m in Sources */ = {isa = PBXBuildFile; fileRef = D03FC41F1B98A77500D38289 /* Apple.m */; };
		D03FC4231B98A78600D38289 /* Leaf.m in Sources */ = {isa = PBXBuildFile; fileRef = D03FC4221B98A78600D38289 /* Leaf.m */; };
/* End PBXBuildFile section */

/* Begin PBXCopyFilesBuildPhase section */
		D03FC4091B98A63300D38289 /* CopyFiles */ = {
			isa = PBXCopyFilesBuildPhase;
			buildActionMask = 2147483647;
			dstPath = /usr/share/man/man1/;
			dstSubfolderSpec = 0;
			files = (
			);
			runOnlyForDeploymentPostprocessing = 1;
		};
/* End PBXCopyFilesBuildPhase section */

/* Begin PBXFileReference section */
		841DA93B1B9C898500D464D0 /* AdditionalTypes.c */ = {isa = PBXFileReference; fileEncoding = 4; lastKnownFileType = sourcecode.c.c; path = AdditionalTypes.c; sourceTree = "<group>"; };
		841DA93C1B9C898500D464D0 /* AdditionalTypes.h */ = {isa = PBXFileReference; fileEncoding = 4; lastKnownFileType = sourcecode.c.h; path = AdditionalTypes.h; sourceTree = "<group>"; };
		8448F59A1BA1E0CA0041930D /* Basket.h */ = {isa = PBXFileReference; fileEncoding = 4; lastKnownFileType = sourcecode.c.h; path = Basket.h; sourceTree = "<group>"; };
		8448F59B1BA1E0CA0041930D /* Basket.m */ = {isa = PBXFileReference; fileEncoding = 4; lastKnownFileType = sourcecode.c.objc; path = Basket.m; sourceTree = "<group>"; };
		D03FC40B1B98A63300D38289 /* Tree */ = {isa = PBXFileReference; explicitFileType = "compiled.mach-o.executable"; includeInIndex = 0; path = Tree; sourceTree = BUILT_PRODUCTS_DIR; };
		D03FC40E1B98A63300D38289 /* main.m */ = {isa = PBXFileReference; lastKnownFileType = sourcecode.c.objc; path = main.m; sourceTree = "<group>"; };
		D03FC4151B98A6E200D38289 /* Tree.h */ = {isa = PBXFileReference; fileEncoding = 4; lastKnownFileType = sourcecode.c.h; path = Tree.h; sourceTree = "<group>"; };
		D03FC4161B98A6E200D38289 /* Tree.m */ = {isa = PBXFileReference; fileEncoding = 4; lastKnownFileType = sourcecode.c.objc; path = Tree.m; sourceTree = "<group>"; };
		D03FC4181B98A71600D38289 /* AppleTree.h */ = {isa = PBXFileReference; fileEncoding = 4; lastKnownFileType = sourcecode.c.h; path = AppleTree.h; sourceTree = "<group>"; };
		D03FC4191B98A71600D38289 /* AppleTree.m */ = {isa = PBXFileReference; fileEncoding = 4; lastKnownFileType = sourcecode.c.objc; path = AppleTree.m; sourceTree = "<group>"; };
		D03FC41B1B98A76400D38289 /* Fruit.h */ = {isa = PBXFileReference; fileEncoding = 4; lastKnownFileType = sourcecode.c.h; path = Fruit.h; sourceTree = "<group>"; };
		D03FC41C1B98A76400D38289 /* Fruit.m */ = {isa = PBXFileReference; fileEncoding = 4; lastKnownFileType = sourcecode.c.objc; path = Fruit.m; sourceTree = "<group>"; };
		D03FC41E1B98A77500D38289 /* Apple.h */ = {isa = PBXFileReference; fileEncoding = 4; lastKnownFileType = sourcecode.c.h; path = Apple.h; sourceTree = "<group>"; };
		D03FC41F1B98A77500D38289 /* Apple.m */ = {isa = PBXFileReference; fileEncoding = 4; lastKnownFileType = sourcecode.c.objc; path = Apple.m; sourceTree = "<group>"; };
		D03FC4211B98A78600D38289 /* Leaf.h */ = {isa = PBXFileReference; fileEncoding = 4; lastKnownFileType = sourcecode.c.h; path = Leaf.h; sourceTree = "<group>"; };
		D03FC4221B98A78600D38289 /* Leaf.m */ = {isa = PBXFileReference; fileEncoding = 4; lastKnownFileType = sourcecode.c.objc; path = Leaf.m; sourceTree = "<group>"; };
/* End PBXFileReference section */

/* Begin PBXFrameworksBuildPhase section */
		D03FC4081B98A63300D38289 /* Frameworks */ = {
			isa = PBXFrameworksBuildPhase;
			buildActionMask = 2147483647;
			files = (
			);
			runOnlyForDeploymentPostprocessing = 0;
		};
/* End PBXFrameworksBuildPhase section */

/* Begin PBXGroup section */
		D03FC4021B98A63300D38289 = {
			isa = PBXGroup;
			children = (
				D03FC40D1B98A63300D38289 /* Tree */,
				D03FC40C1B98A63300D38289 /* Products */,
			);
			sourceTree = "<group>";
		};
		D03FC40C1B98A63300D38289 /* Products */ = {
			isa = PBXGroup;
			children = (
				D03FC40B1B98A63300D38289 /* Tree */,
			);
			name = Products;
			sourceTree = "<group>";
		};
		D03FC40D1B98A63300D38289 /* Tree */ = {
			isa = PBXGroup;
			children = (
				D03FC40E1B98A63300D38289 /* main.m */,
				8448F59A1BA1E0CA0041930D /* Basket.h */,
				8448F59B1BA1E0CA0041930D /* Basket.m */,
				D03FC4151B98A6E200D38289 /* Tree.h */,
				D03FC4161B98A6E200D38289 /* Tree.m */,
				D03FC4181B98A71600D38289 /* AppleTree.h */,
				D03FC4191B98A71600D38289 /* AppleTree.m */,
				D03FC41B1B98A76400D38289 /* Fruit.h */,
				841DA93B1B9C898500D464D0 /* AdditionalTypes.c */,
				841DA93C1B9C898500D464D0 /* AdditionalTypes.h */,
				D03FC41C1B98A76400D38289 /* Fruit.m */,
				D03FC41E1B98A77500D38289 /* Apple.h */,
				D03FC41F1B98A77500D38289 /* Apple.m */,
				D03FC4211B98A78600D38289 /* Leaf.h */,
				D03FC4221B98A78600D38289 /* Leaf.m */,
			);
			path = Tree;
			sourceTree = "<group>";
		};
/* End PBXGroup section */

/* Begin PBXNativeTarget section */
		D03FC40A1B98A63300D38289 /* Tree */ = {
			isa = PBXNativeTarget;
			buildConfigurationList = D03FC4121B98A63300D38289 /* Build configuration list for PBXNativeTarget "Tree" */;
			buildPhases = (
				D03FC4071B98A63300D38289 /* Sources */,
				D03FC4081B98A63300D38289 /* Frameworks */,
				D03FC4091B98A63300D38289 /* CopyFiles */,
			);
			buildRules = (
			);
			dependencies = (
			);
			name = Tree;
			productName = Tree;
			productReference = D03FC40B1B98A63300D38289 /* Tree */;
			productType = "com.apple.product-type.tool";
		};
/* End PBXNativeTarget section */

/* Begin PBXProject section */
		D03FC4031B98A63300D38289 /* Project object */ = {
			isa = PBXProject;
			attributes = {
				LastUpgradeCheck = 0620;
				ORGANIZATIONNAME = fpmi;
				TargetAttributes = {
					D03FC40A1B98A63300D38289 = {
						CreatedOnToolsVersion = 6.2;
					};
				};
			};
			buildConfigurationList = D03FC4061B98A63300D38289 /* Build configuration list for PBXProject "Tree" */;
			compatibilityVersion = "Xcode 3.2";
			developmentRegion = English;
			hasScannedForEncodings = 0;
			knownRegions = (
				en,
			);
			mainGroup = D03FC4021B98A63300D38289;
			productRefGroup = D03FC40C1B98A63300D38289 /* Products */;
			projectDirPath = "";
			projectRoot = "";
			targets = (
				D03FC40A1B98A63300D38289 /* Tree */,
			);
		};
/* End PBXProject section */

/* Begin PBXSourcesBuildPhase section */
		D03FC4071B98A63300D38289 /* Sources */ = {
			isa = PBXSourcesBuildPhase;
			buildActionMask = 2147483647;
			files = (
				841DA93D1B9C898500D464D0 /* AdditionalTypes.c in Sources */,
				D03FC4201B98A77500D38289 /* Apple.m in Sources */,
				D03FC41D1B98A76400D38289 /* Fruit.m in Sources */,
				D03FC41A1B98A71600D38289 /* AppleTree.m in Sources */,
				D03FC4231B98A78600D38289 /* Leaf.m in Sources */,
				8448F59C1BA1E0CA0041930D /* Basket.m in Sources */,
				D03FC40F1B98A63300D38289 /* main.m in Sources */,
				D03FC4171B98A6E200D38289 /* Tree.m in Sources */,
			);
			runOnlyForDeploymentPostprocessing = 0;
		};
/* End PBXSourcesBuildPhase section */

/* Begin XCBuildConfiguration section */
		D03FC4101B98A63300D38289 /* Debug */ = {
			isa = XCBuildConfiguration;
			buildSettings = {
				ALWAYS_SEARCH_USER_PATHS = NO;
				CLANG_CXX_LANGUAGE_STANDARD = "gnu++0x";
				CLANG_CXX_LIBRARY = "libc++";
				CLANG_ENABLE_MODULES = YES;
				CLANG_ENABLE_OBJC_ARC = YES;
				CLANG_WARN_BOOL_CONVERSION = YES;
				CLANG_WARN_CONSTANT_CONVERSION = YES;
				CLANG_WARN_DIRECT_OBJC_ISA_USAGE = YES_ERROR;
				CLANG_WARN_EMPTY_BODY = YES;
				CLANG_WARN_ENUM_CONVERSION = YES;
				CLANG_WARN_INT_CONVERSION = YES;
				CLANG_WARN_OBJC_ROOT_CLASS = YES_ERROR;
				CLANG_WARN_UNREACHABLE_CODE = YES;
				CLANG_WARN__DUPLICATE_METHOD_MATCH = YES;
				COPY_PHASE_STRIP = NO;
				ENABLE_STRICT_OBJC_MSGSEND = YES;
				GCC_C_LANGUAGE_STANDARD = gnu99;
				GCC_DYNAMIC_NO_PIC = NO;
				GCC_OPTIMIZATION_LEVEL = 0;
				GCC_PREPROCESSOR_DEFINITIONS = (
					"DEBUG=1",
					"$(inherited)",
				);
				GCC_SYMBOLS_PRIVATE_EXTERN = NO;
				GCC_WARN_64_TO_32_BIT_CONVERSION = YES;
				GCC_WARN_ABOUT_RETURN_TYPE = YES_ERROR;
				GCC_WARN_UNDECLARED_SELECTOR = YES;
				GCC_WARN_UNINITIALIZED_AUTOS = YES_AGGRESSIVE;
				GCC_WARN_UNUSED_FUNCTION = YES;
				GCC_WARN_UNUSED_VARIABLE = YES;
				MACOSX_DEPLOYMENT_TARGET = 10.10;
				MTL_ENABLE_DEBUG_INFO = YES;
				ONLY_ACTIVE_ARCH = YES;
				SDKROOT = macosx;
			};
			name = Debug;
		};
		D03FC4111B98A63300D38289 /* Release */ = {
			isa = XCBuildConfiguration;
			buildSettings = {
				ALWAYS_SEARCH_USER_PATHS = NO;
				CLANG_CXX_LANGUAGE_STANDARD = "gnu++0x";
				CLANG_CXX_LIBRARY = "libc++";
				CLANG_ENABLE_MODULES = YES;
				CLANG_ENABLE_OBJC_ARC = YES;
				CLANG_WARN_BOOL_CONVERSION = YES;
				CLANG_WARN_CONSTANT_CONVERSION = YES;
				CLANG_WARN_DIRECT_OBJC_ISA_USAGE = YES_ERROR;
				CLANG_WARN_EMPTY_BODY = YES;
				CLANG_WARN_ENUM_CONVERSION = YES;
				CLANG_WARN_INT_CONVERSION = YES;
				CLANG_WARN_OBJC_ROOT_CLASS = YES_ERROR;
				CLANG_WARN_UNREACHABLE_CODE = YES;
				CLANG_WARN__DUPLICATE_METHOD_MATCH = YES;
				COPY_PHASE_STRIP = NO;
				DEBUG_INFORMATION_FORMAT = "dwarf-with-dsym";
				ENABLE_NS_ASSERTIONS = NO;
				ENABLE_STRICT_OBJC_MSGSEND = YES;
				GCC_C_LANGUAGE_STANDARD = gnu99;
				GCC_WARN_64_TO_32_BIT_CONVERSION = YES;
				GCC_WARN_ABOUT_RETURN_TYPE = YES_ERROR;
				GCC_WARN_UNDECLARED_SELECTOR = YES;
				GCC_WARN_UNINITIALIZED_AUTOS = YES_AGGRESSIVE;
				GCC_WARN_UNUSED_FUNCTION = YES;
				GCC_WARN_UNUSED_VARIABLE = YES;
				MACOSX_DEPLOYMENT_TARGET = 10.10;
				MTL_ENABLE_DEBUG_INFO = NO;
				SDKROOT = macosx;
			};
			name = Release;
		};
		D03FC4131B98A63300D38289 /* Debug */ = {
			isa = XCBuildConfiguration;
			buildSettings = {
				PRODUCT_NAME = "$(TARGET_NAME)";
			};
			name = Debug;
		};
		D03FC4141B98A63300D38289 /* Release */ = {
			isa = XCBuildConfiguration;
			buildSettings = {
				PRODUCT_NAME = "$(TARGET_NAME)";
			};
			name = Release;
		};
/* End XCBuildConfiguration section */

/* Begin XCConfigurationList section */
		D03FC4061B98A63300D38289 /* Build configuration list for PBXProject "Tree" */ = {
			isa = XCConfigurationList;
			buildConfigurations = (
				D03FC4101B98A63300D38289 /* Debug */,
				D03FC4111B98A63300D38289 /* Release */,
			);
			defaultConfigurationIsVisible = 0;
			defaultConfigurationName = Release;
		};
		D03FC4121B98A63300D38289 /* Build configuration list for PBXNativeTarget "Tree" */ = {
			isa = XCConfigurationList;
			buildConfigurations = (
				D03FC4131B98A63300D38289 /* Debug */,
				D03FC4141B98A63300D38289 /* Release */,
			);
			defaultConfigurationIsVisible = 0;
			defaultConfigurationName = Release;
		};
/* End XCConfigurationList section */
	};
	rootObject = D03FC4031B98A63300D38289 /* Project object */;
}
